
Microsoft Visual Studio Solution File, Format Version 12.00
# Visual Studio 2012
Project("{FAE04EC0-301F-11D3-BF4B-00C04F79EFBC}") = "iOSSlidingPuzzle", "iOSSlidingPuzzle\iOSSlidingPuzzle.csproj", "{75462B01-7209-4F49-A047-8EED896FC0AD}"
EndProject
Global
	GlobalSection(SolutionConfigurationPlatforms) = preSolution
		Debug|iPhoneSimulator = Debug|iPhoneSimulator
		Release|iPhone = Release|iPhone
		Release|iPhoneSimulator = Release|iPhoneSimulator
		Debug|iPhone = Debug|iPhone
	EndGlobalSection
	GlobalSection(ProjectConfigurationPlatforms) = postSolution
		{75462B01-7209-4F49-A047-8EED896FC0AD}.Debug|iPhoneSimulator.ActiveCfg = Debug|iPhoneSimulator
		{75462B01-7209-4F49-A047-8EED896FC0AD}.Debug|iPhoneSimulator.Build.0 = Debug|iPhoneSimulator
		{75462B01-7209-4F49-A047-8EED896FC0AD}.Release|iPhone.ActiveCfg = Release|iPhone
		{75462B01-7209-4F49-A047-8EED896FC0AD}.Release|iPhone.Build.0 = Release|iPhone
		{75462B01-7209-4F49-A047-8EED896FC0AD}.Release|iPhoneSimulator.ActiveCfg = Release|iPhoneSimulator
		{75462B01-7209-4F49-A047-8EED896FC0AD}.Release|iPhoneSimulator.Build.0 = Release|iPhoneSimulator
		{75462B01-7209-4F49-A047-8EED896FC0AD}.Debug|iPhone.ActiveCfg = Debug|iPhone
		{75462B01-7209-4F49-A047-8EED896FC0AD}.Debug|iPhone.Build.0 = Debug|iPhone
	EndGlobalSection
EndGlobal
